
Microsoft Visual Studio Solution File, Format Version 12.00
# Visual Studio Version 17
VisualStudioVersion = 17.8.34511.84
MinimumVisualStudioVersion = 10.0.40219.1
Project("{8BC9CEB8-8B4A-11D0-8D11-00A0C91BC942}") = "BinaryExpressionTreeProject", "BinaryExpressionTreeProject\BinaryExpressionTreeProject.vcxproj", "{DB778681-F924-4926-907C-0AA8FD9A0498}"
EndProject
Global
	GlobalSection(SolutionConfigurationPlatforms) = preSolution
		Debug|x64 = Debug|x64
		Debug|x86 = Debug|x86
		Release|x64 = Release|x64
		Release|x86 = Release|x86
	EndGlobalSection
	GlobalSection(ProjectConfigurationPlatforms) = postSolution
		{DB778681-F924-4926-907C-0AA8FD9A0498}.Debug|x64.ActiveCfg = Debug|x64
		{DB778681-F924-4926-907C-0AA8FD9A0498}.Debug|x64.Build.0 = Debug|x64
		{DB778681-F924-4926-907C-0AA8FD9A0498}.Debug|x86.ActiveCfg = Debug|Win32
		{DB778681-F924-4926-907C-0AA8FD9A0498}.Debug|x86.Build.0 = Debug|Win32
		{DB778681-F924-4926-907C-0AA8FD9A0498}.Release|x64.ActiveCfg = Release|x64
		{DB778681-F924-4926-907C-0AA8FD9A0498}.Release|x64.Build.0 = Release|x64
		{DB778681-F924-4926-907C-0AA8FD9A0498}.Release|x86.ActiveCfg = Release|Win32
		{DB778681-F924-4926-907C-0AA8FD9A0498}.Release|x86.Build.0 = Release|Win32
	EndGlobalSection
	GlobalSection(SolutionProperties) = preSolution
		HideSolutionNode = FALSE
	EndGlobalSection
	GlobalSection(ExtensibilityGlobals) = postSolution
		SolutionGuid = {047C9618-2E01-461E-B11F-D6615BC7BF15}
	EndGlobalSection
EndGlobal
